// !$*UTF8*$!
{
	archiveVersion = 1;
	classes = {
	};
	objectVersion = 56;
	objects = {

/* Begin PBXBuildFile section */
		34735E9E2C7054A100C52378 /* AppDelegate.swift in Sources */ = {isa = PBXBuildFile; fileRef = 34735E9D2C7054A100C52378 /* AppDelegate.swift */; };
		34735EA02C7054A100C52378 /* SceneDelegate.swift in Sources */ = {isa = PBXBuildFile; fileRef = 34735E9F2C7054A100C52378 /* SceneDelegate.swift */; };
		34735EA22C7054A100C52378 /* TopViewController.swift in Sources */ = {isa = PBXBuildFile; fileRef = 34735EA12C7054A100C52378 /* TopViewController.swift */; };
		34735EA72C7054A200C52378 /* Assets.xcassets in Resources */ = {isa = PBXBuildFile; fileRef = 34735EA62C7054A200C52378 /* Assets.xcassets */; };
		34735EAA2C7054A200C52378 /* Base in Resources */ = {isa = PBXBuildFile; fileRef = 34735EA92C7054A200C52378 /* Base */; };
		34735EB32C7055B400C52378 /* Factories.swift in Sources */ = {isa = PBXBuildFile; fileRef = 34735EB22C7055B400C52378 /* Factories.swift */; };
		34735EB52C705F9400C52378 /* FirstViewController.swift in Sources */ = {isa = PBXBuildFile; fileRef = 34735EB42C705F9400C52378 /* FirstViewController.swift */; };
		34735EB72C705FDE00C52378 /* FirstView.storyboard in Resources */ = {isa = PBXBuildFile; fileRef = 34735EB62C705FDE00C52378 /* FirstView.storyboard */; };
		34735EBA2C70662100C52378 /* UIView+Extensions.swift in Sources */ = {isa = PBXBuildFile; fileRef = 34735EB92C70662100C52378 /* UIView+Extensions.swift */; };
		34735EBD2C7072C500C52378 /* SecondView.storyboard in Resources */ = {isa = PBXBuildFile; fileRef = 34735EBC2C7072C500C52378 /* SecondView.storyboard */; };
		34735EBF2C7072ED00C52378 /* SecondViewController.swift in Sources */ = {isa = PBXBuildFile; fileRef = 34735EBE2C7072ED00C52378 /* SecondViewController.swift */; };
		34735EC22C72292200C52378 /* ThirdView.storyboard in Resources */ = {isa = PBXBuildFile; fileRef = 34735EC12C72292200C52378 /* ThirdView.storyboard */; };
		34735EC42C72292F00C52378 /* ThirdViewController.swift in Sources */ = {isa = PBXBuildFile; fileRef = 34735EC32C72292F00C52378 /* ThirdViewController.swift */; };
		34735EC62C74BB2500C52378 /* FourthViewController.swift in Sources */ = {isa = PBXBuildFile; fileRef = 34735EC52C74BB2500C52378 /* FourthViewController.swift */; };
		34735EC82C74BB7C00C52378 /* FourthView.storyboard in Resources */ = {isa = PBXBuildFile; fileRef = 34735EC72C74BB7C00C52378 /* FourthView.storyboard */; };
/* End PBXBuildFile section */

/* Begin PBXFileReference section */
		34735E9A2C7054A100C52378 /* chapter08.app */ = {isa = PBXFileReference; explicitFileType = wrapper.application; includeInIndex = 0; path = chapter08.app; sourceTree = BUILT_PRODUCTS_DIR; };
		34735E9D2C7054A100C52378 /* AppDelegate.swift */ = {isa = PBXFileReference; lastKnownFileType = sourcecode.swift; path = AppDelegate.swift; sourceTree = "<group>"; };
		34735E9F2C7054A100C52378 /* SceneDelegate.swift */ = {isa = PBXFileReference; lastKnownFileType = sourcecode.swift; path = SceneDelegate.swift; sourceTree = "<group>"; };
		34735EA12C7054A100C52378 /* TopViewController.swift */ = {isa = PBXFileReference; lastKnownFileType = sourcecode.swift; path = TopViewController.swift; sourceTree = "<group>"; };
		34735EA62C7054A200C52378 /* Assets.xcassets */ = {isa = PBXFileReference; lastKnownFileType = folder.assetcatalog; path = Assets.xcassets; sourceTree = "<group>"; };
		34735EA92C7054A200C52378 /* Base */ = {isa = PBXFileReference; lastKnownFileType = file.storyboard; name = Base; path = Base.lproj/LaunchScreen.storyboard; sourceTree = "<group>"; };
		34735EAB2C7054A200C52378 /* Info.plist */ = {isa = PBXFileReference; lastKnownFileType = text.plist.xml; path = Info.plist; sourceTree = "<group>"; };
		34735EB22C7055B400C52378 /* Factories.swift */ = {isa = PBXFileReference; lastKnownFileType = sourcecode.swift; path = Factories.swift; sourceTree = "<group>"; };
		34735EB42C705F9400C52378 /* FirstViewController.swift */ = {isa = PBXFileReference; lastKnownFileType = sourcecode.swift; path = FirstViewController.swift; sourceTree = "<group>"; };
		34735EB62C705FDE00C52378 /* FirstView.storyboard */ = {isa = PBXFileReference; lastKnownFileType = file.storyboard; path = FirstView.storyboard; sourceTree = "<group>"; };
		34735EB92C70662100C52378 /* UIView+Extensions.swift */ = {isa = PBXFileReference; lastKnownFileType = sourcecode.swift; path = "UIView+Extensions.swift"; sourceTree = "<group>"; };
		34735EBB2C70720800C52378 /* PrivateMethods.h */ = {isa = PBXFileReference; lastKnownFileType = sourcecode.c.h; path = PrivateMethods.h; sourceTree = "<group>"; };
		34735EBC2C7072C500C52378 /* SecondView.storyboard */ = {isa = PBXFileReference; lastKnownFileType = file.storyboard; path = SecondView.storyboard; sourceTree = "<group>"; };
		34735EBE2C7072ED00C52378 /* SecondViewController.swift */ = {isa = PBXFileReference; lastKnownFileType = sourcecode.swift; path = SecondViewController.swift; sourceTree = "<group>"; };
		34735EC02C70783A00C52378 /* Bridging-Header.h */ = {isa = PBXFileReference; lastKnownFileType = sourcecode.c.h; path = "Bridging-Header.h"; sourceTree = "<group>"; };
		34735EC12C72292200C52378 /* ThirdView.storyboard */ = {isa = PBXFileReference; lastKnownFileType = file.storyboard; path = ThirdView.storyboard; sourceTree = "<group>"; };
		34735EC32C72292F00C52378 /* ThirdViewController.swift */ = {isa = PBXFileReference; lastKnownFileType = sourcecode.swift; path = ThirdViewController.swift; sourceTree = "<group>"; };
		34735EC52C74BB2500C52378 /* FourthViewController.swift */ = {isa = PBXFileReference; lastKnownFileType = sourcecode.swift; path = FourthViewController.swift; sourceTree = "<group>"; };
		34735EC72C74BB7C00C52378 /* FourthView.storyboard */ = {isa = PBXFileReference; lastKnownFileType = file.storyboard; path = FourthView.storyboard; sourceTree = "<group>"; };
/* End PBXFileReference section */

/* Begin PBXFrameworksBuildPhase section */
		34735E972C7054A100C52378 /* Frameworks */ = {
			isa = PBXFrameworksBuildPhase;
			buildActionMask = 2147483647;
			files = (
			);
			runOnlyForDeploymentPostprocessing = 0;
		};
/* End PBXFrameworksBuildPhase section */

/* Begin PBXGroup section */
		34735E912C7054A100C52378 = {
			isa = PBXGroup;
			children = (
				34735E9C2C7054A100C52378 /* chapter08 */,
				34735E9B2C7054A100C52378 /* Products */,
			);
			sourceTree = "<group>";
		};
		34735E9B2C7054A100C52378 /* Products */ = {
			isa = PBXGroup;
			children = (
				34735E9A2C7054A100C52378 /* chapter08.app */,
			);
			name = Products;
			sourceTree = "<group>";
		};
		34735E9C2C7054A100C52378 /* chapter08 */ = {
			isa = PBXGroup;
			children = (
				34735EB82C70661100C52378 /* Extensions */,
				34735EB12C7055A600C52378 /* Utils */,
				34735E9D2C7054A100C52378 /* AppDelegate.swift */,
				34735E9F2C7054A100C52378 /* SceneDelegate.swift */,
				34735EA12C7054A100C52378 /* TopViewController.swift */,
				34735EB62C705FDE00C52378 /* FirstView.storyboard */,
				34735EB42C705F9400C52378 /* FirstViewController.swift */,
				34735EBB2C70720800C52378 /* PrivateMethods.h */,
				34735EC02C70783A00C52378 /* Bridging-Header.h */,
				34735EBC2C7072C500C52378 /* SecondView.storyboard */,
				34735EBE2C7072ED00C52378 /* SecondViewController.swift */,
				34735EC12C72292200C52378 /* ThirdView.storyboard */,
				34735EC32C72292F00C52378 /* ThirdViewController.swift */,
				34735EC72C74BB7C00C52378 /* FourthView.storyboard */,
				34735EC52C74BB2500C52378 /* FourthViewController.swift */,
				34735EA62C7054A200C52378 /* Assets.xcassets */,
				34735EA82C7054A200C52378 /* LaunchScreen.storyboard */,
				34735EAB2C7054A200C52378 /* Info.plist */,
			);
			path = chapter08;
			sourceTree = "<group>";
		};
		34735EB12C7055A600C52378 /* Utils */ = {
			isa = PBXGroup;
			children = (
				34735EB22C7055B400C52378 /* Factories.swift */,
			);
			path = Utils;
			sourceTree = "<group>";
		};
		34735EB82C70661100C52378 /* Extensions */ = {
			isa = PBXGroup;
			children = (
				34735EB92C70662100C52378 /* UIView+Extensions.swift */,
			);
			path = Extensions;
			sourceTree = "<group>";
		};
/* End PBXGroup section */

/* Begin PBXNativeTarget section */
		34735E992C7054A100C52378 /* chapter08 */ = {
			isa = PBXNativeTarget;
			buildConfigurationList = 34735EAE2C7054A200C52378 /* Build configuration list for PBXNativeTarget "chapter08" */;
			buildPhases = (
				34735E962C7054A100C52378 /* Sources */,
				34735E972C7054A100C52378 /* Frameworks */,
				34735E982C7054A100C52378 /* Resources */,
			);
			buildRules = (
			);
			dependencies = (
			);
			name = chapter08;
			productName = chapter08;
			productReference = 34735E9A2C7054A100C52378 /* chapter08.app */;
			productType = "com.apple.product-type.application";
		};
/* End PBXNativeTarget section */

/* Begin PBXProject section */
		34735E922C7054A100C52378 /* Project object */ = {
			isa = PBXProject;
			attributes = {
				BuildIndependentTargetsInParallel = 1;
				LastSwiftUpdateCheck = 1540;
				LastUpgradeCheck = 1540;
				TargetAttributes = {
					34735E992C7054A100C52378 = {
						CreatedOnToolsVersion = 15.4;
					};
				};
			};
			buildConfigurationList = 34735E952C7054A100C52378 /* Build configuration list for PBXProject "chapter08" */;
			compatibilityVersion = "Xcode 14.0";
			developmentRegion = en;
			hasScannedForEncodings = 0;
			knownRegions = (
				en,
				Base,
			);
			mainGroup = 34735E912C7054A100C52378;
			productRefGroup = 34735E9B2C7054A100C52378 /* Products */;
			projectDirPath = "";
			projectRoot = "";
			targets = (
				34735E992C7054A100C52378 /* chapter08 */,
			);
		};
/* End PBXProject section */

/* Begin PBXResourcesBuildPhase section */
		34735E982C7054A100C52378 /* Resources */ = {
			isa = PBXResourcesBuildPhase;
			buildActionMask = 2147483647;
			files = (
				34735EA72C7054A200C52378 /* Assets.xcassets in Resources */,
				34735EB72C705FDE00C52378 /* FirstView.storyboard in Resources */,
				34735EC22C72292200C52378 /* ThirdView.storyboard in Resources */,
				34735EC82C74BB7C00C52378 /* FourthView.storyboard in Resources */,
				34735EAA2C7054A200C52378 /* Base in Resources */,
				34735EBD2C7072C500C52378 /* SecondView.storyboard in Resources */,
			);
			runOnlyForDeploymentPostprocessing = 0;
		};
/* End PBXResourcesBuildPhase section */

/* Begin PBXSourcesBuildPhase section */
		34735E962C7054A100C52378 /* Sources */ = {
			isa = PBXSourcesBuildPhase;
			buildActionMask = 2147483647;
			files = (
				34735EBA2C70662100C52378 /* UIView+Extensions.swift in Sources */,
				34735EB52C705F9400C52378 /* FirstViewController.swift in Sources */,
				34735EA22C7054A100C52378 /* TopViewController.swift in Sources */,
				34735EC62C74BB2500C52378 /* FourthViewController.swift in Sources */,
				34735E9E2C7054A100C52378 /* AppDelegate.swift in Sources */,
				34735EBF2C7072ED00C52378 /* SecondViewController.swift in Sources */,
				34735EB32C7055B400C52378 /* Factories.swift in Sources */,
				34735EC42C72292F00C52378 /* ThirdViewController.swift in Sources */,
				34735EA02C7054A100C52378 /* SceneDelegate.swift in Sources */,
			);
			runOnlyForDeploymentPostprocessing = 0;
		};
/* End PBXSourcesBuildPhase section */

/* Begin PBXVariantGroup section */
		34735EA82C7054A200C52378 /* LaunchScreen.storyboard */ = {
			isa = PBXVariantGroup;
			children = (
				34735EA92C7054A200C52378 /* Base */,
			);
			name = LaunchScreen.storyboard;
			sourceTree = "<group>";
		};
/* End PBXVariantGroup section */

/* Begin XCBuildConfiguration section */
		34735EAC2C7054A200C52378 /* Debug */ = {
			isa = XCBuildConfiguration;
			buildSettings = {
				ALWAYS_SEARCH_USER_PATHS = NO;
				ASSETCATALOG_COMPILER_GENERATE_SWIFT_ASSET_SYMBOL_EXTENSIONS = YES;
				CLANG_ANALYZER_NONNULL = YES;
				CLANG_ANALYZER_NUMBER_OBJECT_CONVERSION = YES_AGGRESSIVE;
				CLANG_CXX_LANGUAGE_STANDARD = "gnu++20";
				CLANG_ENABLE_MODULES = YES;
				CLANG_ENABLE_OBJC_ARC = YES;
				CLANG_ENABLE_OBJC_WEAK = YES;
				CLANG_WARN_BLOCK_CAPTURE_AUTORELEASING = YES;
				CLANG_WARN_BOOL_CONVERSION = YES;
				CLANG_WARN_COMMA = YES;
				CLANG_WARN_CONSTANT_CONVERSION = YES;
				CLANG_WARN_DEPRECATED_OBJC_IMPLEMENTATIONS = YES;
				CLANG_WARN_DIRECT_OBJC_ISA_USAGE = YES_ERROR;
				CLANG_WARN_DOCUMENTATION_COMMENTS = YES;
				CLANG_WARN_EMPTY_BODY = YES;
				CLANG_WARN_ENUM_CONVERSION = YES;
				CLANG_WARN_INFINITE_RECURSION = YES;
				CLANG_WARN_INT_CONVERSION = YES;
				CLANG_WARN_NON_LITERAL_NULL_CONVERSION = YES;
				CLANG_WARN_OBJC_IMPLICIT_RETAIN_SELF = YES;
				CLANG_WARN_OBJC_LITERAL_CONVERSION = YES;
				CLANG_WARN_OBJC_ROOT_CLASS = YES_ERROR;
				CLANG_WARN_QUOTED_INCLUDE_IN_FRAMEWORK_HEADER = YES;
				CLANG_WARN_RANGE_LOOP_ANALYSIS = YES;
				CLANG_WARN_STRICT_PROTOTYPES = YES;
				CLANG_WARN_SUSPICIOUS_MOVE = YES;
				CLANG_WARN_UNGUARDED_AVAILABILITY = YES_AGGRESSIVE;
				CLANG_WARN_UNREACHABLE_CODE = YES;
				CLANG_WARN__DUPLICATE_METHOD_MATCH = YES;
				COPY_PHASE_STRIP = NO;
				DEBUG_INFORMATION_FORMAT = dwarf;
				ENABLE_STRICT_OBJC_MSGSEND = YES;
				ENABLE_TESTABILITY = YES;
				ENABLE_USER_SCRIPT_SANDBOXING = YES;
				GCC_C_LANGUAGE_STANDARD = gnu17;
				GCC_DYNAMIC_NO_PIC = NO;
				GCC_NO_COMMON_BLOCKS = YES;
				GCC_OPTIMIZATION_LEVEL = 0;
				GCC_PREPROCESSOR_DEFINITIONS = (
					"DEBUG=1",
					"$(inherited)",
				);
				GCC_WARN_64_TO_32_BIT_CONVERSION = YES;
				GCC_WARN_ABOUT_RETURN_TYPE = YES_ERROR;
				GCC_WARN_UNDECLARED_SELECTOR = YES;
				GCC_WARN_UNINITIALIZED_AUTOS = YES_AGGRESSIVE;
				GCC_WARN_UNUSED_FUNCTION = YES;
				GCC_WARN_UNUSED_VARIABLE = YES;
				IPHONEOS_DEPLOYMENT_TARGET = 17.5;
				LOCALIZATION_PREFERS_STRING_CATALOGS = YES;
				MTL_ENABLE_DEBUG_INFO = INCLUDE_SOURCE;
				MTL_FAST_MATH = YES;
				ONLY_ACTIVE_ARCH = YES;
				SDKROOT = iphoneos;
				SWIFT_ACTIVE_COMPILATION_CONDITIONS = "DEBUG $(inherited)";
				SWIFT_OPTIMIZATION_LEVEL = "-Onone";
			};
			name = Debug;
		};
		34735EAD2C7054A200C52378 /* Release */ = {
			isa = XCBuildConfiguration;
			buildSettings = {
				ALWAYS_SEARCH_USER_PATHS = NO;
				ASSETCATALOG_COMPILER_GENERATE_SWIFT_ASSET_SYMBOL_EXTENSIONS = YES;
				CLANG_ANALYZER_NONNULL = YES;
				CLANG_ANALYZER_NUMBER_OBJECT_CONVERSION = YES_AGGRESSIVE;
				CLANG_CXX_LANGUAGE_STANDARD = "gnu++20";
				CLANG_ENABLE_MODULES = YES;
				CLANG_ENABLE_OBJC_ARC = YES;
				CLANG_ENABLE_OBJC_WEAK = YES;
				CLANG_WARN_BLOCK_CAPTURE_AUTORELEASING = YES;
				CLANG_WARN_BOOL_CONVERSION = YES;
				CLANG_WARN_COMMA = YES;
				CLANG_WARN_CONSTANT_CONVERSION = YES;
				CLANG_WARN_DEPRECATED_OBJC_IMPLEMENTATIONS = YES;
				CLANG_WARN_DIRECT_OBJC_ISA_USAGE = YES_ERROR;
				CLANG_WARN_DOCUMENTATION_COMMENTS = YES;
				CLANG_WARN_EMPTY_BODY = YES;
				CLANG_WARN_ENUM_CONVERSION = YES;
				CLANG_WARN_INFINITE_RECURSION = YES;
				CLANG_WARN_INT_CONVERSION = YES;
				CLANG_WARN_NON_LITERAL_NULL_CONVERSION = YES;
				CLANG_WARN_OBJC_IMPLICIT_RETAIN_SELF = YES;
				CLANG_WARN_OBJC_LITERAL_CONVERSION = YES;
				CLANG_WARN_OBJC_ROOT_CLASS = YES_ERROR;
				CLANG_WARN_QUOTED_INCLUDE_IN_FRAMEWORK_HEADER = YES;
				CLANG_WARN_RANGE_LOOP_ANALYSIS = YES;
				CLANG_WARN_STRICT_PROTOTYPES = YES;
				CLANG_WARN_SUSPICIOUS_MOVE = YES;
				CLANG_WARN_UNGUARDED_AVAILABILITY = YES_AGGRESSIVE;
				CLANG_WARN_UNREACHABLE_CODE = YES;
				CLANG_WARN__DUPLICATE_METHOD_MATCH = YES;
				COPY_PHASE_STRIP = NO;
				DEBUG_INFORMATION_FORMAT = "dwarf-with-dsym";
				ENABLE_NS_ASSERTIONS = NO;
				ENABLE_STRICT_OBJC_MSGSEND = YES;
				ENABLE_USER_SCRIPT_SANDBOXING = YES;
				GCC_C_LANGUAGE_STANDARD = gnu17;
				GCC_NO_COMMON_BLOCKS = YES;
				GCC_WARN_64_TO_32_BIT_CONVERSION = YES;
				GCC_WARN_ABOUT_RETURN_TYPE = YES_ERROR;
				GCC_WARN_UNDECLARED_SELECTOR = YES;
				GCC_WARN_UNINITIALIZED_AUTOS = YES_AGGRESSIVE;
				GCC_WARN_UNUSED_FUNCTION = YES;
				GCC_WARN_UNUSED_VARIABLE = YES;
				IPHONEOS_DEPLOYMENT_TARGET = 17.5;
				LOCALIZATION_PREFERS_STRING_CATALOGS = YES;
				MTL_ENABLE_DEBUG_INFO = NO;
				MTL_FAST_MATH = YES;
				SDKROOT = iphoneos;
				SWIFT_COMPILATION_MODE = wholemodule;
				VALIDATE_PRODUCT = YES;
			};
			name = Release;
		};
		34735EAF2C7054A200C52378 /* Debug */ = {
			isa = XCBuildConfiguration;
			buildSettings = {
				ASSETCATALOG_COMPILER_APPICON_NAME = AppIcon;
				ASSETCATALOG_COMPILER_GLOBAL_ACCENT_COLOR_NAME = AccentColor;
				CODE_SIGN_STYLE = Automatic;
				CURRENT_PROJECT_VERSION = 1;
				DEVELOPMENT_TEAM = MW926W7WXX;
				GENERATE_INFOPLIST_FILE = YES;
				INFOPLIST_FILE = chapter08/Info.plist;
				INFOPLIST_KEY_UIApplicationSupportsIndirectInputEvents = YES;
				INFOPLIST_KEY_UILaunchStoryboardName = LaunchScreen;
				INFOPLIST_KEY_UISupportedInterfaceOrientations_iPad = "UIInterfaceOrientationPortrait UIInterfaceOrientationPortraitUpsideDown UIInterfaceOrientationLandscapeLeft UIInterfaceOrientationLandscapeRight";
				INFOPLIST_KEY_UISupportedInterfaceOrientations_iPhone = "UIInterfaceOrientationPortrait UIInterfaceOrientationLandscapeLeft UIInterfaceOrientationLandscapeRight";
				LD_RUNPATH_SEARCH_PATHS = (
					"$(inherited)",
					"@executable_path/Frameworks",
				);
				MARKETING_VERSION = 1.0;
				OTHER_SWIFT_FLAGS = "-D DEBUG";
				PRODUCT_BUNDLE_IDENTIFIER = com.riofujimon.chapter08;
				PRODUCT_NAME = "$(TARGET_NAME)";
				SWIFT_EMIT_LOC_STRINGS = YES;
				SWIFT_OBJC_BRIDGING_HEADER = "$(SRCROOT)/chapter08/Bridging-Header.h";
				SWIFT_VERSION = 5.0;
				TARGETED_DEVICE_FAMILY = "1,2";
			};
			name = Debug;
		};
		34735EB02C7054A200C52378 /* Release */ = {
			isa = XCBuildConfiguration;
			buildSettings = {
				ASSETCATALOG_COMPILER_APPICON_NAME = AppIcon;
				ASSETCATALOG_COMPILER_GLOBAL_ACCENT_COLOR_NAME = AccentColor;
				CODE_SIGN_STYLE = Automatic;
				CURRENT_PROJECT_VERSION = 1;
				DEVELOPMENT_TEAM = MW926W7WXX;
				GENERATE_INFOPLIST_FILE = YES;
				INFOPLIST_FILE = chapter08/Info.plist;
				INFOPLIST_KEY_UIApplicationSupportsIndirectInputEvents = YES;
				INFOPLIST_KEY_UILaunchStoryboardName = LaunchScreen;
				INFOPLIST_KEY_UISupportedInterfaceOrientations_iPad = "UIInterfaceOrientationPortrait UIInterfaceOrientationPortraitUpsideDown UIInterfaceOrientationLandscapeLeft UIInterfaceOrientationLandscapeRight";
				INFOPLIST_KEY_UISupportedInterfaceOrientations_iPhone = "UIInterfaceOrientationPortrait UIInterfaceOrientationLandscapeLeft UIInterfaceOrientationLandscapeRight";
				LD_RUNPATH_SEARCH_PATHS = (
					"$(inherited)",
					"@executable_path/Frameworks",
				);
				MARKETING_VERSION = 1.0;
				PRODUCT_BUNDLE_IDENTIFIER = com.riofujimon.chapter08;
				PRODUCT_NAME = "$(TARGET_NAME)";
				SWIFT_EMIT_LOC_STRINGS = YES;
				SWIFT_OBJC_BRIDGING_HEADER = "$(SRCROOT)/chapter08/Bridging-Header.h";
				SWIFT_VERSION = 5.0;
				TARGETED_DEVICE_FAMILY = "1,2";
			};
			name = Release;
		};
/* End XCBuildConfiguration section */

/* Begin XCConfigurationList section */
		34735E952C7054A100C52378 /* Build configuration list for PBXProject "chapter08" */ = {
			isa = XCConfigurationList;
			buildConfigurations = (
				34735EAC2C7054A200C52378 /* Debug */,
				34735EAD2C7054A200C52378 /* Release */,
			);
			defaultConfigurationIsVisible = 0;
			defaultConfigurationName = Release;
		};
		34735EAE2C7054A200C52378 /* Build configuration list for PBXNativeTarget "chapter08" */ = {
			isa = XCConfigurationList;
			buildConfigurations = (
				34735EAF2C7054A200C52378 /* Debug */,
				34735EB02C7054A200C52378 /* Release */,
			);
			defaultConfigurationIsVisible = 0;
			defaultConfigurationName = Release;
		};
/* End XCConfigurationList section */
	};
	rootObject = 34735E922C7054A100C52378 /* Project object */;
}
