// !$*UTF8*$!
{
	archiveVersion = 1;
	classes = {
	};
	objectVersion = 56;
	objects = {

/* Begin PBXBuildFile section */
		349009882C69D01D00C3849E /* AppDelegate.swift in Sources */ = {isa = PBXBuildFile; fileRef = 349009872C69D01D00C3849E /* AppDelegate.swift */; };
		3490098A2C69D01D00C3849E /* SceneDelegate.swift in Sources */ = {isa = PBXBuildFile; fileRef = 349009892C69D01D00C3849E /* SceneDelegate.swift */; };
		3490098C2C69D01D00C3849E /* TopViewController.swift in Sources */ = {isa = PBXBuildFile; fileRef = 3490098B2C69D01D00C3849E /* TopViewController.swift */; };
		349009912C69D01E00C3849E /* Assets.xcassets in Resources */ = {isa = PBXBuildFile; fileRef = 349009902C69D01E00C3849E /* Assets.xcassets */; };
		349009942C69D01E00C3849E /* Base in Resources */ = {isa = PBXBuildFile; fileRef = 349009932C69D01E00C3849E /* Base */; };
		3490099D2C69D1BD00C3849E /* Factories.swift in Sources */ = {isa = PBXBuildFile; fileRef = 3490099C2C69D1BD00C3849E /* Factories.swift */; };
		3490099F2C69D5A100C3849E /* FirstViewController.swift in Sources */ = {isa = PBXBuildFile; fileRef = 3490099E2C69D5A100C3849E /* FirstViewController.swift */; };
		349009A12C69F3D300C3849E /* SecondViewController.swift in Sources */ = {isa = PBXBuildFile; fileRef = 349009A02C69F3D300C3849E /* SecondViewController.swift */; };
		349009A32C6A160E00C3849E /* ThirdViewController.swift in Sources */ = {isa = PBXBuildFile; fileRef = 349009A22C6A160E00C3849E /* ThirdViewController.swift */; };
		349009A52C6A261A00C3849E /* ForthViewController.swift in Sources */ = {isa = PBXBuildFile; fileRef = 349009A42C6A261A00C3849E /* ForthViewController.swift */; };
		349009A72C6A266600C3849E /* ForthView.storyboard in Resources */ = {isa = PBXBuildFile; fileRef = 349009A62C6A266600C3849E /* ForthView.storyboard */; };
		349009A92C6A2E3C00C3849E /* FifthViewcontroller.swift in Sources */ = {isa = PBXBuildFile; fileRef = 349009A82C6A2E3C00C3849E /* FifthViewcontroller.swift */; };
		349009AC2C6A355100C3849E /* UIView+Extensions.swift in Sources */ = {isa = PBXBuildFile; fileRef = 349009AB2C6A355000C3849E /* UIView+Extensions.swift */; };
		349009AE2C6A371300C3849E /* NSLayoutConstraint+Extensions.swift in Sources */ = {isa = PBXBuildFile; fileRef = 349009AD2C6A371300C3849E /* NSLayoutConstraint+Extensions.swift */; };
		349009B02C6A468D00C3849E /* SixthViewController.swift in Sources */ = {isa = PBXBuildFile; fileRef = 349009AF2C6A468D00C3849E /* SixthViewController.swift */; };
		349009B22C6A52F400C3849E /* SeventhViewController.swift in Sources */ = {isa = PBXBuildFile; fileRef = 349009B12C6A52F400C3849E /* SeventhViewController.swift */; };
		349009B42C6A5D9300C3849E /* EighthView.storyboard in Resources */ = {isa = PBXBuildFile; fileRef = 349009B32C6A5D9300C3849E /* EighthView.storyboard */; };
		349009B62C6A5DB700C3849E /* EighthViewController.swift in Sources */ = {isa = PBXBuildFile; fileRef = 349009B52C6A5DB700C3849E /* EighthViewController.swift */; };
		349009B82C6A74AC00C3849E /* NinethView.storyboard in Resources */ = {isa = PBXBuildFile; fileRef = 349009B72C6A74AC00C3849E /* NinethView.storyboard */; };
		349009BA2C6A75C400C3849E /* NinethViewController.swift in Sources */ = {isa = PBXBuildFile; fileRef = 349009B92C6A75C400C3849E /* NinethViewController.swift */; };
/* End PBXBuildFile section */

/* Begin PBXFileReference section */
		349009842C69D01D00C3849E /* chapter05.app */ = {isa = PBXFileReference; explicitFileType = wrapper.application; includeInIndex = 0; path = chapter05.app; sourceTree = BUILT_PRODUCTS_DIR; };
		349009872C69D01D00C3849E /* AppDelegate.swift */ = {isa = PBXFileReference; lastKnownFileType = sourcecode.swift; path = AppDelegate.swift; sourceTree = "<group>"; };
		349009892C69D01D00C3849E /* SceneDelegate.swift */ = {isa = PBXFileReference; lastKnownFileType = sourcecode.swift; path = SceneDelegate.swift; sourceTree = "<group>"; };
		3490098B2C69D01D00C3849E /* TopViewController.swift */ = {isa = PBXFileReference; lastKnownFileType = sourcecode.swift; path = TopViewController.swift; sourceTree = "<group>"; };
		349009902C69D01E00C3849E /* Assets.xcassets */ = {isa = PBXFileReference; lastKnownFileType = folder.assetcatalog; path = Assets.xcassets; sourceTree = "<group>"; };
		349009932C69D01E00C3849E /* Base */ = {isa = PBXFileReference; lastKnownFileType = file.storyboard; name = Base; path = Base.lproj/LaunchScreen.storyboard; sourceTree = "<group>"; };
		349009952C69D01E00C3849E /* Info.plist */ = {isa = PBXFileReference; lastKnownFileType = text.plist.xml; path = Info.plist; sourceTree = "<group>"; };
		3490099C2C69D1BD00C3849E /* Factories.swift */ = {isa = PBXFileReference; lastKnownFileType = sourcecode.swift; path = Factories.swift; sourceTree = "<group>"; };
		3490099E2C69D5A100C3849E /* FirstViewController.swift */ = {isa = PBXFileReference; lastKnownFileType = sourcecode.swift; path = FirstViewController.swift; sourceTree = "<group>"; };
		349009A02C69F3D300C3849E /* SecondViewController.swift */ = {isa = PBXFileReference; lastKnownFileType = sourcecode.swift; path = SecondViewController.swift; sourceTree = "<group>"; };
		349009A22C6A160E00C3849E /* ThirdViewController.swift */ = {isa = PBXFileReference; lastKnownFileType = sourcecode.swift; path = ThirdViewController.swift; sourceTree = "<group>"; };
		349009A42C6A261A00C3849E /* ForthViewController.swift */ = {isa = PBXFileReference; lastKnownFileType = sourcecode.swift; path = ForthViewController.swift; sourceTree = "<group>"; };
		349009A62C6A266600C3849E /* ForthView.storyboard */ = {isa = PBXFileReference; lastKnownFileType = file.storyboard; path = ForthView.storyboard; sourceTree = "<group>"; };
		349009A82C6A2E3C00C3849E /* FifthViewcontroller.swift */ = {isa = PBXFileReference; lastKnownFileType = sourcecode.swift; path = FifthViewcontroller.swift; sourceTree = "<group>"; };
		349009AB2C6A355000C3849E /* UIView+Extensions.swift */ = {isa = PBXFileReference; lastKnownFileType = sourcecode.swift; path = "UIView+Extensions.swift"; sourceTree = "<group>"; };
		349009AD2C6A371300C3849E /* NSLayoutConstraint+Extensions.swift */ = {isa = PBXFileReference; lastKnownFileType = sourcecode.swift; path = "NSLayoutConstraint+Extensions.swift"; sourceTree = "<group>"; };
		349009AF2C6A468D00C3849E /* SixthViewController.swift */ = {isa = PBXFileReference; lastKnownFileType = sourcecode.swift; path = SixthViewController.swift; sourceTree = "<group>"; };
		349009B12C6A52F400C3849E /* SeventhViewController.swift */ = {isa = PBXFileReference; lastKnownFileType = sourcecode.swift; path = SeventhViewController.swift; sourceTree = "<group>"; };
		349009B32C6A5D9300C3849E /* EighthView.storyboard */ = {isa = PBXFileReference; lastKnownFileType = file.storyboard; path = EighthView.storyboard; sourceTree = "<group>"; };
		349009B52C6A5DB700C3849E /* EighthViewController.swift */ = {isa = PBXFileReference; lastKnownFileType = sourcecode.swift; path = EighthViewController.swift; sourceTree = "<group>"; };
		349009B72C6A74AC00C3849E /* NinethView.storyboard */ = {isa = PBXFileReference; lastKnownFileType = file.storyboard; path = NinethView.storyboard; sourceTree = "<group>"; };
		349009B92C6A75C400C3849E /* NinethViewController.swift */ = {isa = PBXFileReference; lastKnownFileType = sourcecode.swift; path = NinethViewController.swift; sourceTree = "<group>"; };
/* End PBXFileReference section */

/* Begin PBXFrameworksBuildPhase section */
		349009812C69D01D00C3849E /* Frameworks */ = {
			isa = PBXFrameworksBuildPhase;
			buildActionMask = 2147483647;
			files = (
			);
			runOnlyForDeploymentPostprocessing = 0;
		};
/* End PBXFrameworksBuildPhase section */

/* Begin PBXGroup section */
		3490097B2C69D01D00C3849E = {
			isa = PBXGroup;
			children = (
				349009862C69D01D00C3849E /* chapter05 */,
				349009852C69D01D00C3849E /* Products */,
			);
			sourceTree = "<group>";
		};
		349009852C69D01D00C3849E /* Products */ = {
			isa = PBXGroup;
			children = (
				349009842C69D01D00C3849E /* chapter05.app */,
			);
			name = Products;
			sourceTree = "<group>";
		};
		349009862C69D01D00C3849E /* chapter05 */ = {
			isa = PBXGroup;
			children = (
				349009AA2C6A353500C3849E /* Extensions */,
				3490099B2C69D1AF00C3849E /* Utils */,
				349009872C69D01D00C3849E /* AppDelegate.swift */,
				349009892C69D01D00C3849E /* SceneDelegate.swift */,
				3490098B2C69D01D00C3849E /* TopViewController.swift */,
				3490099E2C69D5A100C3849E /* FirstViewController.swift */,
				349009A02C69F3D300C3849E /* SecondViewController.swift */,
				349009A22C6A160E00C3849E /* ThirdViewController.swift */,
				349009A42C6A261A00C3849E /* ForthViewController.swift */,
				349009A62C6A266600C3849E /* ForthView.storyboard */,
				349009A82C6A2E3C00C3849E /* FifthViewcontroller.swift */,
				349009AF2C6A468D00C3849E /* SixthViewController.swift */,
				349009B12C6A52F400C3849E /* SeventhViewController.swift */,
				349009B32C6A5D9300C3849E /* EighthView.storyboard */,
				349009B52C6A5DB700C3849E /* EighthViewController.swift */,
				349009B72C6A74AC00C3849E /* NinethView.storyboard */,
				349009B92C6A75C400C3849E /* NinethViewController.swift */,
				349009902C69D01E00C3849E /* Assets.xcassets */,
				349009922C69D01E00C3849E /* LaunchScreen.storyboard */,
				349009952C69D01E00C3849E /* Info.plist */,
			);
			path = chapter05;
			sourceTree = "<group>";
		};
		3490099B2C69D1AF00C3849E /* Utils */ = {
			isa = PBXGroup;
			children = (
				3490099C2C69D1BD00C3849E /* Factories.swift */,
			);
			path = Utils;
			sourceTree = "<group>";
		};
		349009AA2C6A353500C3849E /* Extensions */ = {
			isa = PBXGroup;
			children = (
				349009AB2C6A355000C3849E /* UIView+Extensions.swift */,
				349009AD2C6A371300C3849E /* NSLayoutConstraint+Extensions.swift */,
			);
			path = Extensions;
			sourceTree = "<group>";
		};
/* End PBXGroup section */

/* Begin PBXNativeTarget section */
		349009832C69D01D00C3849E /* chapter05 */ = {
			isa = PBXNativeTarget;
			buildConfigurationList = 349009982C69D01E00C3849E /* Build configuration list for PBXNativeTarget "chapter05" */;
			buildPhases = (
				349009802C69D01D00C3849E /* Sources */,
				349009812C69D01D00C3849E /* Frameworks */,
				349009822C69D01D00C3849E /* Resources */,
			);
			buildRules = (
			);
			dependencies = (
			);
			name = chapter05;
			productName = chapter05;
			productReference = 349009842C69D01D00C3849E /* chapter05.app */;
			productType = "com.apple.product-type.application";
		};
/* End PBXNativeTarget section */

/* Begin PBXProject section */
		3490097C2C69D01D00C3849E /* Project object */ = {
			isa = PBXProject;
			attributes = {
				BuildIndependentTargetsInParallel = 1;
				LastSwiftUpdateCheck = 1540;
				LastUpgradeCheck = 1540;
				TargetAttributes = {
					349009832C69D01D00C3849E = {
						CreatedOnToolsVersion = 15.4;
					};
				};
			};
			buildConfigurationList = 3490097F2C69D01D00C3849E /* Build configuration list for PBXProject "chapter05" */;
			compatibilityVersion = "Xcode 14.0";
			developmentRegion = en;
			hasScannedForEncodings = 0;
			knownRegions = (
				en,
				Base,
			);
			mainGroup = 3490097B2C69D01D00C3849E;
			productRefGroup = 349009852C69D01D00C3849E /* Products */;
			projectDirPath = "";
			projectRoot = "";
			targets = (
				349009832C69D01D00C3849E /* chapter05 */,
			);
		};
/* End PBXProject section */

/* Begin PBXResourcesBuildPhase section */
		349009822C69D01D00C3849E /* Resources */ = {
			isa = PBXResourcesBuildPhase;
			buildActionMask = 2147483647;
			files = (
				349009B82C6A74AC00C3849E /* NinethView.storyboard in Resources */,
				349009B42C6A5D9300C3849E /* EighthView.storyboard in Resources */,
				349009912C69D01E00C3849E /* Assets.xcassets in Resources */,
				349009942C69D01E00C3849E /* Base in Resources */,
				349009A72C6A266600C3849E /* ForthView.storyboard in Resources */,
			);
			runOnlyForDeploymentPostprocessing = 0;
		};
/* End PBXResourcesBuildPhase section */

/* Begin PBXSourcesBuildPhase section */
		349009802C69D01D00C3849E /* Sources */ = {
			isa = PBXSourcesBuildPhase;
			buildActionMask = 2147483647;
			files = (
				349009BA2C6A75C400C3849E /* NinethViewController.swift in Sources */,
				349009A12C69F3D300C3849E /* SecondViewController.swift in Sources */,
				3490099F2C69D5A100C3849E /* FirstViewController.swift in Sources */,
				349009AC2C6A355100C3849E /* UIView+Extensions.swift in Sources */,
				349009B62C6A5DB700C3849E /* EighthViewController.swift in Sources */,
				3490098C2C69D01D00C3849E /* TopViewController.swift in Sources */,
				349009A32C6A160E00C3849E /* ThirdViewController.swift in Sources */,
				349009882C69D01D00C3849E /* AppDelegate.swift in Sources */,
				3490099D2C69D1BD00C3849E /* Factories.swift in Sources */,
				349009B02C6A468D00C3849E /* SixthViewController.swift in Sources */,
				349009A52C6A261A00C3849E /* ForthViewController.swift in Sources */,
				349009A92C6A2E3C00C3849E /* FifthViewcontroller.swift in Sources */,
				3490098A2C69D01D00C3849E /* SceneDelegate.swift in Sources */,
				349009B22C6A52F400C3849E /* SeventhViewController.swift in Sources */,
				349009AE2C6A371300C3849E /* NSLayoutConstraint+Extensions.swift in Sources */,
			);
			runOnlyForDeploymentPostprocessing = 0;
		};
/* End PBXSourcesBuildPhase section */

/* Begin PBXVariantGroup section */
		349009922C69D01E00C3849E /* LaunchScreen.storyboard */ = {
			isa = PBXVariantGroup;
			children = (
				349009932C69D01E00C3849E /* Base */,
			);
			name = LaunchScreen.storyboard;
			sourceTree = "<group>";
		};
/* End PBXVariantGroup section */

/* Begin XCBuildConfiguration section */
		349009962C69D01E00C3849E /* Debug */ = {
			isa = XCBuildConfiguration;
			buildSettings = {
				ALWAYS_SEARCH_USER_PATHS = NO;
				ASSETCATALOG_COMPILER_GENERATE_SWIFT_ASSET_SYMBOL_EXTENSIONS = YES;
				CLANG_ANALYZER_NONNULL = YES;
				CLANG_ANALYZER_NUMBER_OBJECT_CONVERSION = YES_AGGRESSIVE;
				CLANG_CXX_LANGUAGE_STANDARD = "gnu++20";
				CLANG_ENABLE_MODULES = YES;
				CLANG_ENABLE_OBJC_ARC = YES;
				CLANG_ENABLE_OBJC_WEAK = YES;
				CLANG_WARN_BLOCK_CAPTURE_AUTORELEASING = YES;
				CLANG_WARN_BOOL_CONVERSION = YES;
				CLANG_WARN_COMMA = YES;
				CLANG_WARN_CONSTANT_CONVERSION = YES;
				CLANG_WARN_DEPRECATED_OBJC_IMPLEMENTATIONS = YES;
				CLANG_WARN_DIRECT_OBJC_ISA_USAGE = YES_ERROR;
				CLANG_WARN_DOCUMENTATION_COMMENTS = YES;
				CLANG_WARN_EMPTY_BODY = YES;
				CLANG_WARN_ENUM_CONVERSION = YES;
				CLANG_WARN_INFINITE_RECURSION = YES;
				CLANG_WARN_INT_CONVERSION = YES;
				CLANG_WARN_NON_LITERAL_NULL_CONVERSION = YES;
				CLANG_WARN_OBJC_IMPLICIT_RETAIN_SELF = YES;
				CLANG_WARN_OBJC_LITERAL_CONVERSION = YES;
				CLANG_WARN_OBJC_ROOT_CLASS = YES_ERROR;
				CLANG_WARN_QUOTED_INCLUDE_IN_FRAMEWORK_HEADER = YES;
				CLANG_WARN_RANGE_LOOP_ANALYSIS = YES;
				CLANG_WARN_STRICT_PROTOTYPES = YES;
				CLANG_WARN_SUSPICIOUS_MOVE = YES;
				CLANG_WARN_UNGUARDED_AVAILABILITY = YES_AGGRESSIVE;
				CLANG_WARN_UNREACHABLE_CODE = YES;
				CLANG_WARN__DUPLICATE_METHOD_MATCH = YES;
				COPY_PHASE_STRIP = NO;
				DEBUG_INFORMATION_FORMAT = dwarf;
				ENABLE_STRICT_OBJC_MSGSEND = YES;
				ENABLE_TESTABILITY = YES;
				ENABLE_USER_SCRIPT_SANDBOXING = YES;
				GCC_C_LANGUAGE_STANDARD = gnu17;
				GCC_DYNAMIC_NO_PIC = NO;
				GCC_NO_COMMON_BLOCKS = YES;
				GCC_OPTIMIZATION_LEVEL = 0;
				GCC_PREPROCESSOR_DEFINITIONS = (
					"DEBUG=1",
					"$(inherited)",
				);
				GCC_WARN_64_TO_32_BIT_CONVERSION = YES;
				GCC_WARN_ABOUT_RETURN_TYPE = YES_ERROR;
				GCC_WARN_UNDECLARED_SELECTOR = YES;
				GCC_WARN_UNINITIALIZED_AUTOS = YES_AGGRESSIVE;
				GCC_WARN_UNUSED_FUNCTION = YES;
				GCC_WARN_UNUSED_VARIABLE = YES;
				IPHONEOS_DEPLOYMENT_TARGET = 17.5;
				LOCALIZATION_PREFERS_STRING_CATALOGS = YES;
				MTL_ENABLE_DEBUG_INFO = INCLUDE_SOURCE;
				MTL_FAST_MATH = YES;
				ONLY_ACTIVE_ARCH = YES;
				SDKROOT = iphoneos;
				SWIFT_ACTIVE_COMPILATION_CONDITIONS = "DEBUG $(inherited)";
				SWIFT_OPTIMIZATION_LEVEL = "-Onone";
			};
			name = Debug;
		};
		349009972C69D01E00C3849E /* Release */ = {
			isa = XCBuildConfiguration;
			buildSettings = {
				ALWAYS_SEARCH_USER_PATHS = NO;
				ASSETCATALOG_COMPILER_GENERATE_SWIFT_ASSET_SYMBOL_EXTENSIONS = YES;
				CLANG_ANALYZER_NONNULL = YES;
				CLANG_ANALYZER_NUMBER_OBJECT_CONVERSION = YES_AGGRESSIVE;
				CLANG_CXX_LANGUAGE_STANDARD = "gnu++20";
				CLANG_ENABLE_MODULES = YES;
				CLANG_ENABLE_OBJC_ARC = YES;
				CLANG_ENABLE_OBJC_WEAK = YES;
				CLANG_WARN_BLOCK_CAPTURE_AUTORELEASING = YES;
				CLANG_WARN_BOOL_CONVERSION = YES;
				CLANG_WARN_COMMA = YES;
				CLANG_WARN_CONSTANT_CONVERSION = YES;
				CLANG_WARN_DEPRECATED_OBJC_IMPLEMENTATIONS = YES;
				CLANG_WARN_DIRECT_OBJC_ISA_USAGE = YES_ERROR;
				CLANG_WARN_DOCUMENTATION_COMMENTS = YES;
				CLANG_WARN_EMPTY_BODY = YES;
				CLANG_WARN_ENUM_CONVERSION = YES;
				CLANG_WARN_INFINITE_RECURSION = YES;
				CLANG_WARN_INT_CONVERSION = YES;
				CLANG_WARN_NON_LITERAL_NULL_CONVERSION = YES;
				CLANG_WARN_OBJC_IMPLICIT_RETAIN_SELF = YES;
				CLANG_WARN_OBJC_LITERAL_CONVERSION = YES;
				CLANG_WARN_OBJC_ROOT_CLASS = YES_ERROR;
				CLANG_WARN_QUOTED_INCLUDE_IN_FRAMEWORK_HEADER = YES;
				CLANG_WARN_RANGE_LOOP_ANALYSIS = YES;
				CLANG_WARN_STRICT_PROTOTYPES = YES;
				CLANG_WARN_SUSPICIOUS_MOVE = YES;
				CLANG_WARN_UNGUARDED_AVAILABILITY = YES_AGGRESSIVE;
				CLANG_WARN_UNREACHABLE_CODE = YES;
				CLANG_WARN__DUPLICATE_METHOD_MATCH = YES;
				COPY_PHASE_STRIP = NO;
				DEBUG_INFORMATION_FORMAT = "dwarf-with-dsym";
				ENABLE_NS_ASSERTIONS = NO;
				ENABLE_STRICT_OBJC_MSGSEND = YES;
				ENABLE_USER_SCRIPT_SANDBOXING = YES;
				GCC_C_LANGUAGE_STANDARD = gnu17;
				GCC_NO_COMMON_BLOCKS = YES;
				GCC_WARN_64_TO_32_BIT_CONVERSION = YES;
				GCC_WARN_ABOUT_RETURN_TYPE = YES_ERROR;
				GCC_WARN_UNDECLARED_SELECTOR = YES;
				GCC_WARN_UNINITIALIZED_AUTOS = YES_AGGRESSIVE;
				GCC_WARN_UNUSED_FUNCTION = YES;
				GCC_WARN_UNUSED_VARIABLE = YES;
				IPHONEOS_DEPLOYMENT_TARGET = 17.5;
				LOCALIZATION_PREFERS_STRING_CATALOGS = YES;
				MTL_ENABLE_DEBUG_INFO = NO;
				MTL_FAST_MATH = YES;
				SDKROOT = iphoneos;
				SWIFT_COMPILATION_MODE = wholemodule;
				VALIDATE_PRODUCT = YES;
			};
			name = Release;
		};
		349009992C69D01E00C3849E /* Debug */ = {
			isa = XCBuildConfiguration;
			buildSettings = {
				ASSETCATALOG_COMPILER_APPICON_NAME = AppIcon;
				ASSETCATALOG_COMPILER_GLOBAL_ACCENT_COLOR_NAME = AccentColor;
				CODE_SIGN_STYLE = Automatic;
				CURRENT_PROJECT_VERSION = 1;
				DEVELOPMENT_TEAM = MW926W7WXX;
				GENERATE_INFOPLIST_FILE = YES;
				INFOPLIST_FILE = chapter05/Info.plist;
				INFOPLIST_KEY_UIApplicationSupportsIndirectInputEvents = YES;
				INFOPLIST_KEY_UILaunchStoryboardName = LaunchScreen;
				INFOPLIST_KEY_UISupportedInterfaceOrientations_iPad = "UIInterfaceOrientationPortrait UIInterfaceOrientationPortraitUpsideDown UIInterfaceOrientationLandscapeLeft UIInterfaceOrientationLandscapeRight";
				INFOPLIST_KEY_UISupportedInterfaceOrientations_iPhone = "UIInterfaceOrientationPortrait UIInterfaceOrientationLandscapeLeft UIInterfaceOrientationLandscapeRight";
				LD_RUNPATH_SEARCH_PATHS = (
					"$(inherited)",
					"@executable_path/Frameworks",
				);
				MARKETING_VERSION = 1.0;
				PRODUCT_BUNDLE_IDENTIFIER = com.riofujimon.chapter05;
				PRODUCT_NAME = "$(TARGET_NAME)";
				SWIFT_EMIT_LOC_STRINGS = YES;
				SWIFT_VERSION = 5.0;
				TARGETED_DEVICE_FAMILY = "1,2";
			};
			name = Debug;
		};
		3490099A2C69D01E00C3849E /* Release */ = {
			isa = XCBuildConfiguration;
			buildSettings = {
				ASSETCATALOG_COMPILER_APPICON_NAME = AppIcon;
				ASSETCATALOG_COMPILER_GLOBAL_ACCENT_COLOR_NAME = AccentColor;
				CODE_SIGN_STYLE = Automatic;
				CURRENT_PROJECT_VERSION = 1;
				DEVELOPMENT_TEAM = MW926W7WXX;
				GENERATE_INFOPLIST_FILE = YES;
				INFOPLIST_FILE = chapter05/Info.plist;
				INFOPLIST_KEY_UIApplicationSupportsIndirectInputEvents = YES;
				INFOPLIST_KEY_UILaunchStoryboardName = LaunchScreen;
				INFOPLIST_KEY_UISupportedInterfaceOrientations_iPad = "UIInterfaceOrientationPortrait UIInterfaceOrientationPortraitUpsideDown UIInterfaceOrientationLandscapeLeft UIInterfaceOrientationLandscapeRight";
				INFOPLIST_KEY_UISupportedInterfaceOrientations_iPhone = "UIInterfaceOrientationPortrait UIInterfaceOrientationLandscapeLeft UIInterfaceOrientationLandscapeRight";
				LD_RUNPATH_SEARCH_PATHS = (
					"$(inherited)",
					"@executable_path/Frameworks",
				);
				MARKETING_VERSION = 1.0;
				PRODUCT_BUNDLE_IDENTIFIER = com.riofujimon.chapter05;
				PRODUCT_NAME = "$(TARGET_NAME)";
				SWIFT_EMIT_LOC_STRINGS = YES;
				SWIFT_VERSION = 5.0;
				TARGETED_DEVICE_FAMILY = "1,2";
			};
			name = Release;
		};
/* End XCBuildConfiguration section */

/* Begin XCConfigurationList section */
		3490097F2C69D01D00C3849E /* Build configuration list for PBXProject "chapter05" */ = {
			isa = XCConfigurationList;
			buildConfigurations = (
				349009962C69D01E00C3849E /* Debug */,
				349009972C69D01E00C3849E /* Release */,
			);
			defaultConfigurationIsVisible = 0;
			defaultConfigurationName = Release;
		};
		349009982C69D01E00C3849E /* Build configuration list for PBXNativeTarget "chapter05" */ = {
			isa = XCConfigurationList;
			buildConfigurations = (
				349009992C69D01E00C3849E /* Debug */,
				3490099A2C69D01E00C3849E /* Release */,
			);
			defaultConfigurationIsVisible = 0;
			defaultConfigurationName = Release;
		};
/* End XCConfigurationList section */
	};
	rootObject = 3490097C2C69D01D00C3849E /* Project object */;
}
